
Microsoft Visual Studio Solution File, Format Version 12.00
# Visual Studio Version 16
VisualStudioVersion = 16.0.31729.503
MinimumVisualStudioVersion = 10.0.40219.1
Project("{9A19103F-16F7-4668-BE54-9A1E7A4F7556}") = "CampIntro", "KampIntro\CampIntro.csproj", "{335CDE87-BE49-4154-88B0-CB7DE19BD5DF}"
EndProject
Project("{9A19103F-16F7-4668-BE54-9A1E7A4F7556}") = "Donguler", "Donguler\Donguler.csproj", "{8A54A70C-C275-41C7-8584-C65794207372}"
EndProject
Project("{9A19103F-16F7-4668-BE54-9A1E7A4F7556}") = "ClassIntro", "ClassIntro\ClassIntro.csproj", "{1568C474-D16F-4632-B0A2-C9AA421ED8C3}"
EndProject
Project("{9A19103F-16F7-4668-BE54-9A1E7A4F7556}") = "Metotlar", "Metotlar\Metotlar.csproj", "{F9946A52-475E-4636-9BC8-609CEE8E6877}"
EndProject
Project("{9A19103F-16F7-4668-BE54-9A1E7A4F7556}") = "Matematik", "Matematik\Matematik.csproj", "{33F4BFBD-7FCB-4E97-BE26-0156D65C2205}"
EndProject
Project("{9A19103F-16F7-4668-BE54-9A1E7A4F7556}") = "DegerVeReferansTipler", "DegerVeReferansTipler\DegerVeReferansTipler.csproj", "{A54988B0-6572-4FFA-86EE-0970AF25B85C}"
EndProject
Project("{9A19103F-16F7-4668-BE54-9A1E7A4F7556}") = "ClassMetotDemo", "ClassMetotDemo\ClassMetotDemo.csproj", "{31C11720-BC29-4E64-AA84-D86369E064B2}"
EndProject
Project("{9A19103F-16F7-4668-BE54-9A1E7A4F7556}") = "OOP1", "OOP1\OOP1.csproj", "{A386FC7A-C81D-4C41-B602-38CB6C4526C9}"
EndProject
Project("{9A19103F-16F7-4668-BE54-9A1E7A4F7556}") = "Collections", "Collections\Collections.csproj", "{F96FD395-77AE-4A21-81C0-06C768E29F17}"
EndProject
Project("{9A19103F-16F7-4668-BE54-9A1E7A4F7556}") = "GenericsIntro", "GenericsIntro\GenericsIntro.csproj", "{0C314FD6-4F50-4969-BAE1-FD2B8F6DEE2D}"
EndProject
Project("{FAE04EC0-301F-11D3-BF4B-00C04F79EFBC}") = "OOP2", "OOP2\OOP2.csproj", "{D5FCC6B4-85FD-4492-80E7-2580E40FCD14}"
EndProject
Project("{FAE04EC0-301F-11D3-BF4B-00C04F79EFBC}") = "OOP3", "OOP3\OOP3.csproj", "{FC5F8232-E2A1-4A2F-A1DC-0F49A6307E6A}"
EndProject
Global
	GlobalSection(SolutionConfigurationPlatforms) = preSolution
		Debug|Any CPU = Debug|Any CPU
		Release|Any CPU = Release|Any CPU
	EndGlobalSection
	GlobalSection(ProjectConfigurationPlatforms) = postSolution
		{335CDE87-BE49-4154-88B0-CB7DE19BD5DF}.Debug|Any CPU.ActiveCfg = Debug|Any CPU
		{335CDE87-BE49-4154-88B0-CB7DE19BD5DF}.Debug|Any CPU.Build.0 = Debug|Any CPU
		{335CDE87-BE49-4154-88B0-CB7DE19BD5DF}.Release|Any CPU.ActiveCfg = Release|Any CPU
		{335CDE87-BE49-4154-88B0-CB7DE19BD5DF}.Release|Any CPU.Build.0 = Release|Any CPU
		{8A54A70C-C275-41C7-8584-C65794207372}.Debug|Any CPU.ActiveCfg = Debug|Any CPU
		{8A54A70C-C275-41C7-8584-C65794207372}.Debug|Any CPU.Build.0 = Debug|Any CPU
		{8A54A70C-C275-41C7-8584-C65794207372}.Release|Any CPU.ActiveCfg = Release|Any CPU
		{8A54A70C-C275-41C7-8584-C65794207372}.Release|Any CPU.Build.0 = Release|Any CPU
		{1568C474-D16F-4632-B0A2-C9AA421ED8C3}.Debug|Any CPU.ActiveCfg = Debug|Any CPU
		{1568C474-D16F-4632-B0A2-C9AA421ED8C3}.Debug|Any CPU.Build.0 = Debug|Any CPU
		{1568C474-D16F-4632-B0A2-C9AA421ED8C3}.Release|Any CPU.ActiveCfg = Release|Any CPU
		{1568C474-D16F-4632-B0A2-C9AA421ED8C3}.Release|Any CPU.Build.0 = Release|Any CPU
		{F9946A52-475E-4636-9BC8-609CEE8E6877}.Debug|Any CPU.ActiveCfg = Debug|Any CPU
		{F9946A52-475E-4636-9BC8-609CEE8E6877}.Debug|Any CPU.Build.0 = Debug|Any CPU
		{F9946A52-475E-4636-9BC8-609CEE8E6877}.Release|Any CPU.ActiveCfg = Release|Any CPU
		{F9946A52-475E-4636-9BC8-609CEE8E6877}.Release|Any CPU.Build.0 = Release|Any CPU
		{33F4BFBD-7FCB-4E97-BE26-0156D65C2205}.Debug|Any CPU.ActiveCfg = Debug|Any CPU
		{33F4BFBD-7FCB-4E97-BE26-0156D65C2205}.Debug|Any CPU.Build.0 = Debug|Any CPU
		{33F4BFBD-7FCB-4E97-BE26-0156D65C2205}.Release|Any CPU.ActiveCfg = Release|Any CPU
		{33F4BFBD-7FCB-4E97-BE26-0156D65C2205}.Release|Any CPU.Build.0 = Release|Any CPU
		{A54988B0-6572-4FFA-86EE-0970AF25B85C}.Debug|Any CPU.ActiveCfg = Debug|Any CPU
		{A54988B0-6572-4FFA-86EE-0970AF25B85C}.Debug|Any CPU.Build.0 = Debug|Any CPU
		{A54988B0-6572-4FFA-86EE-0970AF25B85C}.Release|Any CPU.ActiveCfg = Release|Any CPU
		{A54988B0-6572-4FFA-86EE-0970AF25B85C}.Release|Any CPU.Build.0 = Release|Any CPU
		{31C11720-BC29-4E64-AA84-D86369E064B2}.Debug|Any CPU.ActiveCfg = Debug|Any CPU
		{31C11720-BC29-4E64-AA84-D86369E064B2}.Debug|Any CPU.Build.0 = Debug|Any CPU
		{31C11720-BC29-4E64-AA84-D86369E064B2}.Release|Any CPU.ActiveCfg = Release|Any CPU
		{31C11720-BC29-4E64-AA84-D86369E064B2}.Release|Any CPU.Build.0 = Release|Any CPU
		{A386FC7A-C81D-4C41-B602-38CB6C4526C9}.Debug|Any CPU.ActiveCfg = Debug|Any CPU
		{A386FC7A-C81D-4C41-B602-38CB6C4526C9}.Debug|Any CPU.Build.0 = Debug|Any CPU
		{A386FC7A-C81D-4C41-B602-38CB6C4526C9}.Release|Any CPU.ActiveCfg = Release|Any CPU
		{A386FC7A-C81D-4C41-B602-38CB6C4526C9}.Release|Any CPU.Build.0 = Release|Any CPU
		{F96FD395-77AE-4A21-81C0-06C768E29F17}.Debug|Any CPU.ActiveCfg = Debug|Any CPU
		{F96FD395-77AE-4A21-81C0-06C768E29F17}.Debug|Any CPU.Build.0 = Debug|Any CPU
		{F96FD395-77AE-4A21-81C0-06C768E29F17}.Release|Any CPU.ActiveCfg = Release|Any CPU
		{F96FD395-77AE-4A21-81C0-06C768E29F17}.Release|Any CPU.Build.0 = Release|Any CPU
		{0C314FD6-4F50-4969-BAE1-FD2B8F6DEE2D}.Debug|Any CPU.ActiveCfg = Debug|Any CPU
		{0C314FD6-4F50-4969-BAE1-FD2B8F6DEE2D}.Debug|Any CPU.Build.0 = Debug|Any CPU
		{0C314FD6-4F50-4969-BAE1-FD2B8F6DEE2D}.Release|Any CPU.ActiveCfg = Release|Any CPU
		{0C314FD6-4F50-4969-BAE1-FD2B8F6DEE2D}.Release|Any CPU.Build.0 = Release|Any CPU
		{D5FCC6B4-85FD-4492-80E7-2580E40FCD14}.Debug|Any CPU.ActiveCfg = Debug|Any CPU
		{D5FCC6B4-85FD-4492-80E7-2580E40FCD14}.Debug|Any CPU.Build.0 = Debug|Any CPU
		{D5FCC6B4-85FD-4492-80E7-2580E40FCD14}.Release|Any CPU.ActiveCfg = Release|Any CPU
		{D5FCC6B4-85FD-4492-80E7-2580E40FCD14}.Release|Any CPU.Build.0 = Release|Any CPU
		{FC5F8232-E2A1-4A2F-A1DC-0F49A6307E6A}.Debug|Any CPU.ActiveCfg = Debug|Any CPU
		{FC5F8232-E2A1-4A2F-A1DC-0F49A6307E6A}.Debug|Any CPU.Build.0 = Debug|Any CPU
		{FC5F8232-E2A1-4A2F-A1DC-0F49A6307E6A}.Release|Any CPU.ActiveCfg = Release|Any CPU
		{FC5F8232-E2A1-4A2F-A1DC-0F49A6307E6A}.Release|Any CPU.Build.0 = Release|Any CPU
	EndGlobalSection
	GlobalSection(SolutionProperties) = preSolution
		HideSolutionNode = FALSE
	EndGlobalSection
	GlobalSection(ExtensibilityGlobals) = postSolution
		SolutionGuid = {1ABF1DC1-6993-4161-BBF3-6F98F003C0F6}
	EndGlobalSection
EndGlobal
